
Microsoft Visual Studio Solution File, Format Version 12.00
# Visual Studio Version 17
VisualStudioVersion = 17.8.34322.80
MinimumVisualStudioVersion = 10.0.40219.1
Project("{FAE04EC0-301F-11D3-BF4B-00C04F79EFBC}") = "Day13", "Day13\Day13.csproj", "{65E8C350-15A0-4A9A-9B0C-1BCA882908D9}"
EndProject
Global
	GlobalSection(SolutionConfigurationPlatforms) = preSolution
		Debug|Any CPU = Debug|Any CPU
		Release|Any CPU = Release|Any CPU
	EndGlobalSection
	GlobalSection(ProjectConfigurationPlatforms) = postSolution
		{65E8C350-15A0-4A9A-9B0C-1BCA882908D9}.Debug|Any CPU.ActiveCfg = Debug|Any CPU
		{65E8C350-15A0-4A9A-9B0C-1BCA882908D9}.Debug|Any CPU.Build.0 = Debug|Any CPU
		{65E8C350-15A0-4A9A-9B0C-1BCA882908D9}.Release|Any CPU.ActiveCfg = Release|Any CPU
		{65E8C350-15A0-4A9A-9B0C-1BCA882908D9}.Release|Any CPU.Build.0 = Release|Any CPU
	EndGlobalSection
	GlobalSection(SolutionProperties) = preSolution
		HideSolutionNode = FALSE
	EndGlobalSection
	GlobalSection(ExtensibilityGlobals) = postSolution
		SolutionGuid = {3E3B171A-D694-4033-8CE5-D54EDE0BB973}
	EndGlobalSection
EndGlobal
