
Microsoft Visual Studio Solution File, Format Version 12.00
# Visual Studio Version 17
VisualStudioVersion = 17.8.34322.80
MinimumVisualStudioVersion = 10.0.40219.1
Project("{FAE04EC0-301F-11D3-BF4B-00C04F79EFBC}") = "WorkflowEngine", "WorkflowEngine\WorkflowEngine.csproj", "{3D16F1C0-FAA8-4E0F-99F2-38071E499489}"
EndProject
Global
	GlobalSection(SolutionConfigurationPlatforms) = preSolution
		Debug|Any CPU = Debug|Any CPU
		Release|Any CPU = Release|Any CPU
	EndGlobalSection
	GlobalSection(ProjectConfigurationPlatforms) = postSolution
		{3D16F1C0-FAA8-4E0F-99F2-38071E499489}.Debug|Any CPU.ActiveCfg = Debug|Any CPU
		{3D16F1C0-FAA8-4E0F-99F2-38071E499489}.Debug|Any CPU.Build.0 = Debug|Any CPU
		{3D16F1C0-FAA8-4E0F-99F2-38071E499489}.Release|Any CPU.ActiveCfg = Release|Any CPU
		{3D16F1C0-FAA8-4E0F-99F2-38071E499489}.Release|Any CPU.Build.0 = Release|Any CPU
	EndGlobalSection
	GlobalSection(SolutionProperties) = preSolution
		HideSolutionNode = FALSE
	EndGlobalSection
	GlobalSection(ExtensibilityGlobals) = postSolution
		SolutionGuid = {72F02DB1-F5D7-4DCF-ACD2-97988E033134}
	EndGlobalSection
EndGlobal
