
Microsoft Visual Studio Solution File, Format Version 12.00
# Visual Studio Version 17
VisualStudioVersion = 17.8.34322.80
MinimumVisualStudioVersion = 10.0.40219.1
Project("{FAE04EC0-301F-11D3-BF4B-00C04F79EFBC}") = "Overloading", "Overloading\Overloading.csproj", "{E2BD9364-87B2-4979-B677-7D4105CE167A}"
EndProject
Global
	GlobalSection(SolutionConfigurationPlatforms) = preSolution
		Debug|Any CPU = Debug|Any CPU
		Release|Any CPU = Release|Any CPU
	EndGlobalSection
	GlobalSection(ProjectConfigurationPlatforms) = postSolution
		{E2BD9364-87B2-4979-B677-7D4105CE167A}.Debug|Any CPU.ActiveCfg = Debug|Any CPU
		{E2BD9364-87B2-4979-B677-7D4105CE167A}.Debug|Any CPU.Build.0 = Debug|Any CPU
		{E2BD9364-87B2-4979-B677-7D4105CE167A}.Release|Any CPU.ActiveCfg = Release|Any CPU
		{E2BD9364-87B2-4979-B677-7D4105CE167A}.Release|Any CPU.Build.0 = Release|Any CPU
	EndGlobalSection
	GlobalSection(SolutionProperties) = preSolution
		HideSolutionNode = FALSE
	EndGlobalSection
	GlobalSection(ExtensibilityGlobals) = postSolution
		SolutionGuid = {4A02B98D-3FFC-4DD6-8615-A16107226908}
	EndGlobalSection
EndGlobal
